
Microsoft Visual Studio Solution File, Format Version 12.00
# Visual Studio Version 17
VisualStudioVersion = 17.1.32210.238
MinimumVisualStudioVersion = 10.0.40219.1
Project("{FAE04EC0-301F-11D3-BF4B-00C04F79EFBC}") = "FullStackAPI", "FullStackAPI\FullStackAPI.csproj", "{DAEE4AA3-7281-4D71-A6F6-4BBD3A3D43D7}"
EndProject
Global
	GlobalSection(SolutionConfigurationPlatforms) = preSolution
		Debug|Any CPU = Debug|Any CPU
		Release|Any CPU = Release|Any CPU
	EndGlobalSection
	GlobalSection(ProjectConfigurationPlatforms) = postSolution
		{DAEE4AA3-7281-4D71-A6F6-4BBD3A3D43D7}.Debug|Any CPU.ActiveCfg = Debug|Any CPU
		{DAEE4AA3-7281-4D71-A6F6-4BBD3A3D43D7}.Debug|Any CPU.Build.0 = Debug|Any CPU
		{DAEE4AA3-7281-4D71-A6F6-4BBD3A3D43D7}.Release|Any CPU.ActiveCfg = Release|Any CPU
		{DAEE4AA3-7281-4D71-A6F6-4BBD3A3D43D7}.Release|Any CPU.Build.0 = Release|Any CPU
	EndGlobalSection
	GlobalSection(SolutionProperties) = preSolution
		HideSolutionNode = FALSE
	EndGlobalSection
	GlobalSection(ExtensibilityGlobals) = postSolution
		SolutionGuid = {AC87E9BE-4869-4D07-8CE6-60A6BDD2976A}
	EndGlobalSection
EndGlobal
